
Microsoft Visual Studio Solution File, Format Version 12.00
# Visual Studio 15
VisualStudioVersion = 15.0.27703.2035
MinimumVisualStudioVersion = 10.0.40219.1
Project("{FAE04EC0-301F-11D3-BF4B-00C04F79EFBC}") = "RgxC", "RgxC\RgxC.csproj", "{ED5F053B-8925-4328-BCE8-A2E0886A3A30}"
EndProject
Project("{FAE04EC0-301F-11D3-BF4B-00C04F79EFBC}") = "LibRgxC", "LibRgxC\LibRgxC.csproj", "{5790C8A5-1787-4664-9829-AB293968992A}"
EndProject
Global
	GlobalSection(SolutionConfigurationPlatforms) = preSolution
		Debug|Any CPU = Debug|Any CPU
		Release|Any CPU = Release|Any CPU
	EndGlobalSection
	GlobalSection(ProjectConfigurationPlatforms) = postSolution
		{ED5F053B-8925-4328-BCE8-A2E0886A3A30}.Debug|Any CPU.ActiveCfg = Debug|Any CPU
		{ED5F053B-8925-4328-BCE8-A2E0886A3A30}.Debug|Any CPU.Build.0 = Debug|Any CPU
		{ED5F053B-8925-4328-BCE8-A2E0886A3A30}.Release|Any CPU.ActiveCfg = Release|Any CPU
		{ED5F053B-8925-4328-BCE8-A2E0886A3A30}.Release|Any CPU.Build.0 = Release|Any CPU
		{5790C8A5-1787-4664-9829-AB293968992A}.Debug|Any CPU.ActiveCfg = Debug|Any CPU
		{5790C8A5-1787-4664-9829-AB293968992A}.Debug|Any CPU.Build.0 = Debug|Any CPU
		{5790C8A5-1787-4664-9829-AB293968992A}.Release|Any CPU.ActiveCfg = Release|Any CPU
		{5790C8A5-1787-4664-9829-AB293968992A}.Release|Any CPU.Build.0 = Release|Any CPU
	EndGlobalSection
	GlobalSection(SolutionProperties) = preSolution
		HideSolutionNode = FALSE
	EndGlobalSection
	GlobalSection(ExtensibilityGlobals) = postSolution
		SolutionGuid = {7FD1E05E-63FF-46F8-83D0-1A036BB40CA6}
	EndGlobalSection
EndGlobal
